
Microsoft Visual Studio Solution File, Format Version 12.00
# Visual Studio Version 16
VisualStudioVersion = 16.0.31112.23
MinimumVisualStudioVersion = 10.0.40219.1
Project("{8BC9CEB8-8B4A-11D0-8D11-00A0C91BC942}") = "Multiplicador-de-Matrices-V1", "Multiplicador-de-Matrices-V1\Multiplicador-de-Matrices-V1.vcxproj", "{A97AD1DD-A327-43F6-9A2B-8D2D38EBE980}"
EndProject
Project("{8BC9CEB8-8B4A-11D0-8D11-00A0C91BC942}") = "Prueba", "Prueba\Prueba.vcxproj", "{0E94F568-B0BA-4E2E-80A1-308356EDDC9C}"
EndProject
Global
	GlobalSection(SolutionConfigurationPlatforms) = preSolution
		Debug|x64 = Debug|x64
		Debug|x86 = Debug|x86
		Release|x64 = Release|x64
		Release|x86 = Release|x86
	EndGlobalSection
	GlobalSection(ProjectConfigurationPlatforms) = postSolution
		{A97AD1DD-A327-43F6-9A2B-8D2D38EBE980}.Debug|x64.ActiveCfg = Debug|x64
		{A97AD1DD-A327-43F6-9A2B-8D2D38EBE980}.Debug|x64.Build.0 = Debug|x64
		{A97AD1DD-A327-43F6-9A2B-8D2D38EBE980}.Debug|x86.ActiveCfg = Debug|Win32
		{A97AD1DD-A327-43F6-9A2B-8D2D38EBE980}.Debug|x86.Build.0 = Debug|Win32
		{A97AD1DD-A327-43F6-9A2B-8D2D38EBE980}.Release|x64.ActiveCfg = Release|x64
		{A97AD1DD-A327-43F6-9A2B-8D2D38EBE980}.Release|x64.Build.0 = Release|x64
		{A97AD1DD-A327-43F6-9A2B-8D2D38EBE980}.Release|x86.ActiveCfg = Release|Win32
		{A97AD1DD-A327-43F6-9A2B-8D2D38EBE980}.Release|x86.Build.0 = Release|Win32
		{0E94F568-B0BA-4E2E-80A1-308356EDDC9C}.Debug|x64.ActiveCfg = Debug|x64
		{0E94F568-B0BA-4E2E-80A1-308356EDDC9C}.Debug|x64.Build.0 = Debug|x64
		{0E94F568-B0BA-4E2E-80A1-308356EDDC9C}.Debug|x86.ActiveCfg = Debug|Win32
		{0E94F568-B0BA-4E2E-80A1-308356EDDC9C}.Debug|x86.Build.0 = Debug|Win32
		{0E94F568-B0BA-4E2E-80A1-308356EDDC9C}.Release|x64.ActiveCfg = Release|x64
		{0E94F568-B0BA-4E2E-80A1-308356EDDC9C}.Release|x64.Build.0 = Release|x64
		{0E94F568-B0BA-4E2E-80A1-308356EDDC9C}.Release|x86.ActiveCfg = Release|Win32
		{0E94F568-B0BA-4E2E-80A1-308356EDDC9C}.Release|x86.Build.0 = Release|Win32
	EndGlobalSection
	GlobalSection(SolutionProperties) = preSolution
		HideSolutionNode = FALSE
	EndGlobalSection
	GlobalSection(ExtensibilityGlobals) = postSolution
		SolutionGuid = {56FEA79D-8CDF-4656-85EA-66C662088D4C}
	EndGlobalSection
EndGlobal
